
Microsoft Visual Studio Solution File, Format Version 12.00
# Visual Studio Version 16
VisualStudioVersion = 16.0.29503.13
MinimumVisualStudioVersion = 10.0.40219.1
Project("{FAE04EC0-301F-11D3-BF4B-00C04F79EFBC}") = "Mushy", "Mushy\Mushy.csproj", "{241B0120-1ECC-4776-A15F-32AE8927F7C4}"
EndProject
Global
	GlobalSection(SolutionConfigurationPlatforms) = preSolution
		Debug|Any CPU = Debug|Any CPU
		Release|Any CPU = Release|Any CPU
	EndGlobalSection
	GlobalSection(ProjectConfigurationPlatforms) = postSolution
		{241B0120-1ECC-4776-A15F-32AE8927F7C4}.Debug|Any CPU.ActiveCfg = Debug|Any CPU
		{241B0120-1ECC-4776-A15F-32AE8927F7C4}.Debug|Any CPU.Build.0 = Debug|Any CPU
		{241B0120-1ECC-4776-A15F-32AE8927F7C4}.Release|Any CPU.ActiveCfg = Release|Any CPU
		{241B0120-1ECC-4776-A15F-32AE8927F7C4}.Release|Any CPU.Build.0 = Release|Any CPU
	EndGlobalSection
	GlobalSection(SolutionProperties) = preSolution
		HideSolutionNode = FALSE
	EndGlobalSection
	GlobalSection(ExtensibilityGlobals) = postSolution
		SolutionGuid = {C49CC97F-0C3C-4DA9-9F5A-F3DB8223B4E9}
	EndGlobalSection
EndGlobal
